{
  "name": "christmas-project",
<<<<<<< HEAD
  "lockfileVersion": 2,
  "requires": true,
  "packages": {}
=======
  "version": "1.0.0",
  "lockfileVersion": 2,
  "requires": true,
  "packages": {
    "": {
      "name": "christmas-project",
      "version": "1.0.0",
      "license": "ISC"
    }
  }
>>>>>>> ef36a7639847d15356667e4af668e7ea77307f87
}
